// !$*UTF8*$!
{
	archiveVersion = 1;
	classes = {
	};
	objectVersion = 46;
	objects = {

/* Begin PBXBuildFile section */
		1540B8021BB1D2EE0092B534 /* FBSDKCoreKit.framework in Frameworks */ = {isa = PBXBuildFile; fileRef = 1540B8011BB1D2EE0092B534 /* FBSDKCoreKit.framework */; settings = {ASSET_TAGS = (); }; };
		1540B8041BB222D20092B534 /* FBSDKLoginKit.framework in Frameworks */ = {isa = PBXBuildFile; fileRef = 1540B8031BB222D20092B534 /* FBSDKLoginKit.framework */; settings = {ASSET_TAGS = (); }; };
		1540B8091BB4490E0092B534 /* OTMClient.swift in Sources */ = {isa = PBXBuildFile; fileRef = 1540B8081BB4490E0092B534 /* OTMClient.swift */; settings = {ASSET_TAGS = (); }; };
		1567AD851BB08C76002708FE /* AppDelegate.swift in Sources */ = {isa = PBXBuildFile; fileRef = 1567AD841BB08C76002708FE /* AppDelegate.swift */; };
		1567AD871BB08C76002708FE /* loginViewController.swift in Sources */ = {isa = PBXBuildFile; fileRef = 1567AD861BB08C76002708FE /* loginViewController.swift */; };
		1567AD8A1BB08C76002708FE /* Main.storyboard in Resources */ = {isa = PBXBuildFile; fileRef = 1567AD881BB08C76002708FE /* Main.storyboard */; };
		1567AD8C1BB08C76002708FE /* Images.xcassets in Resources */ = {isa = PBXBuildFile; fileRef = 1567AD8B1BB08C76002708FE /* Images.xcassets */; };
		1567AD8F1BB08C76002708FE /* LaunchScreen.xib in Resources */ = {isa = PBXBuildFile; fileRef = 1567AD8D1BB08C76002708FE /* LaunchScreen.xib */; };
		1567AD9B1BB08C76002708FE /* OnTheMapTests.swift in Sources */ = {isa = PBXBuildFile; fileRef = 1567AD9A1BB08C76002708FE /* OnTheMapTests.swift */; };
		1597FC541BBAD9FC00838F64 /* mainMapView.swift in Sources */ = {isa = PBXBuildFile; fileRef = 1597FC531BBAD9FC00838F64 /* mainMapView.swift */; settings = {ASSET_TAGS = (); }; };
		1597FC561BBADCB100838F64 /* MapKit.framework in Frameworks */ = {isa = PBXBuildFile; fileRef = 1597FC551BBADCB100838F64 /* MapKit.framework */; };
/* End PBXBuildFile section */

/* Begin PBXContainerItemProxy section */
		1567AD951BB08C76002708FE /* PBXContainerItemProxy */ = {
			isa = PBXContainerItemProxy;
			containerPortal = 1567AD771BB08C76002708FE /* Project object */;
			proxyType = 1;
			remoteGlobalIDString = 1567AD7E1BB08C76002708FE;
			remoteInfo = OnTheMap;
		};
/* End PBXContainerItemProxy section */

/* Begin PBXFileReference section */
		1540B8011BB1D2EE0092B534 /* FBSDKCoreKit.framework */ = {isa = PBXFileReference; lastKnownFileType = wrapper.framework; name = FBSDKCoreKit.framework; path = ../FBSDKCoreKit.framework; sourceTree = "<group>"; };
		1540B8031BB222D20092B534 /* FBSDKLoginKit.framework */ = {isa = PBXFileReference; lastKnownFileType = wrapper.framework; name = FBSDKLoginKit.framework; path = ../FBSDKLoginKit.framework; sourceTree = "<group>"; };
		1540B8081BB4490E0092B534 /* OTMClient.swift */ = {isa = PBXFileReference; fileEncoding = 4; lastKnownFileType = sourcecode.swift; path = OTMClient.swift; sourceTree = "<group>"; };
		1567AD7F1BB08C76002708FE /* OnTheMap.app */ = {isa = PBXFileReference; explicitFileType = wrapper.application; includeInIndex = 0; path = OnTheMap.app; sourceTree = BUILT_PRODUCTS_DIR; };
		1567AD831BB08C76002708FE /* Info.plist */ = {isa = PBXFileReference; lastKnownFileType = text.plist.xml; path = Info.plist; sourceTree = "<group>"; };
		1567AD841BB08C76002708FE /* AppDelegate.swift */ = {isa = PBXFileReference; lastKnownFileType = sourcecode.swift; path = AppDelegate.swift; sourceTree = "<group>"; };
		1567AD861BB08C76002708FE /* loginViewController.swift */ = {isa = PBXFileReference; lastKnownFileType = sourcecode.swift; path = loginViewController.swift; sourceTree = "<group>"; };
		1567AD891BB08C76002708FE /* Base */ = {isa = PBXFileReference; lastKnownFileType = file.storyboard; name = Base; path = Base.lproj/Main.storyboard; sourceTree = "<group>"; };
		1567AD8B1BB08C76002708FE /* Images.xcassets */ = {isa = PBXFileReference; lastKnownFileType = folder.assetcatalog; path = Images.xcassets; sourceTree = "<group>"; };
		1567AD8E1BB08C76002708FE /* Base */ = {isa = PBXFileReference; lastKnownFileType = file.xib; name = Base; path = Base.lproj/LaunchScreen.xib; sourceTree = "<group>"; };
		1567AD941BB08C76002708FE /* OnTheMapTests.xctest */ = {isa = PBXFileReference; explicitFileType = wrapper.cfbundle; includeInIndex = 0; path = OnTheMapTests.xctest; sourceTree = BUILT_PRODUCTS_DIR; };
		1567AD991BB08C76002708FE /* Info.plist */ = {isa = PBXFileReference; lastKnownFileType = text.plist.xml; path = Info.plist; sourceTree = "<group>"; };
		1567AD9A1BB08C76002708FE /* OnTheMapTests.swift */ = {isa = PBXFileReference; lastKnownFileType = sourcecode.swift; path = OnTheMapTests.swift; sourceTree = "<group>"; };
		1597FC531BBAD9FC00838F64 /* mainMapView.swift */ = {isa = PBXFileReference; fileEncoding = 4; lastKnownFileType = sourcecode.swift; path = mainMapView.swift; sourceTree = "<group>"; };
		1597FC551BBADCB100838F64 /* MapKit.framework */ = {isa = PBXFileReference; lastKnownFileType = wrapper.framework; name = MapKit.framework; path = System/Library/Frameworks/MapKit.framework; sourceTree = SDKROOT; };
/* End PBXFileReference section */

/* Begin PBXFrameworksBuildPhase section */
		1567AD7C1BB08C76002708FE /* Frameworks */ = {
			isa = PBXFrameworksBuildPhase;
			buildActionMask = 2147483647;
			files = (
				1540B8041BB222D20092B534 /* FBSDKLoginKit.framework in Frameworks */,
				1597FC561BBADCB100838F64 /* MapKit.framework in Frameworks */,
				1540B8021BB1D2EE0092B534 /* FBSDKCoreKit.framework in Frameworks */,
			);
			runOnlyForDeploymentPostprocessing = 0;
		};
		1567AD911BB08C76002708FE /* Frameworks */ = {
			isa = PBXFrameworksBuildPhase;
			buildActionMask = 2147483647;
			files = (
			);
			runOnlyForDeploymentPostprocessing = 0;
		};
/* End PBXFrameworksBuildPhase section */

/* Begin PBXGroup section */
		1540B8051BB4484B0092B534 /* Model */ = {
			isa = PBXGroup;
			children = (
				1540B8081BB4490E0092B534 /* OTMClient.swift */,
			);
			name = Model;
			sourceTree = "<group>";
		};
		1540B8061BB448560092B534 /* View */ = {
			isa = PBXGroup;
			children = (
				1597FC531BBAD9FC00838F64 /* mainMapView.swift */,
			);
			name = View;
			path = ..;
			sourceTree = "<group>";
		};
		1540B8071BB448600092B534 /* Controller */ = {
			isa = PBXGroup;
			children = (
			);
			name = Controller;
			sourceTree = "<group>";
		};
		1567AD761BB08C76002708FE = {
			isa = PBXGroup;
			children = (
				1567AD811BB08C76002708FE /* OnTheMap */,
				1567AD971BB08C76002708FE /* OnTheMapTests */,
				1567AD801BB08C76002708FE /* Products */,
			);
			sourceTree = "<group>";
		};
		1567AD801BB08C76002708FE /* Products */ = {
			isa = PBXGroup;
			children = (
				1567AD7F1BB08C76002708FE /* OnTheMap.app */,
				1567AD941BB08C76002708FE /* OnTheMapTests.xctest */,
			);
			name = Products;
			sourceTree = "<group>";
		};
		1567AD811BB08C76002708FE /* OnTheMap */ = {
			isa = PBXGroup;
			children = (
				1540B8071BB448600092B534 /* Controller */,
				1540B8061BB448560092B534 /* View */,
				1540B8051BB4484B0092B534 /* Model */,
				1567AD841BB08C76002708FE /* AppDelegate.swift */,
				1567AD881BB08C76002708FE /* Main.storyboard */,
				1567AD861BB08C76002708FE /* loginViewController.swift */,
				1567AD8B1BB08C76002708FE /* Images.xcassets */,
				1567AD8D1BB08C76002708FE /* LaunchScreen.xib */,
				1597FC551BBADCB100838F64 /* MapKit.framework */,
				1540B8031BB222D20092B534 /* FBSDKLoginKit.framework */,
				1540B8011BB1D2EE0092B534 /* FBSDKCoreKit.framework */,
				1567AD821BB08C76002708FE /* Supporting Files */,
			);
			path = OnTheMap;
			sourceTree = "<group>";
		};
		1567AD821BB08C76002708FE /* Supporting Files */ = {
			isa = PBXGroup;
			children = (
				1567AD831BB08C76002708FE /* Info.plist */,
			);
			name = "Supporting Files";
			sourceTree = "<group>";
		};
		1567AD971BB08C76002708FE /* OnTheMapTests */ = {
			isa = PBXGroup;
			children = (
				1567AD9A1BB08C76002708FE /* OnTheMapTests.swift */,
				1567AD981BB08C76002708FE /* Supporting Files */,
			);
			path = OnTheMapTests;
			sourceTree = "<group>";
		};
		1567AD981BB08C76002708FE /* Supporting Files */ = {
			isa = PBXGroup;
			children = (
				1567AD991BB08C76002708FE /* Info.plist */,
			);
			name = "Supporting Files";
			sourceTree = "<group>";
		};
/* End PBXGroup section */

/* Begin PBXNativeTarget section */
		1567AD7E1BB08C76002708FE /* OnTheMap */ = {
			isa = PBXNativeTarget;
			buildConfigurationList = 1567AD9E1BB08C76002708FE /* Build configuration list for PBXNativeTarget "OnTheMap" */;
			buildPhases = (
				1567AD7B1BB08C76002708FE /* Sources */,
				1567AD7C1BB08C76002708FE /* Frameworks */,
				1567AD7D1BB08C76002708FE /* Resources */,
			);
			buildRules = (
			);
			dependencies = (
			);
			name = OnTheMap;
			productName = OnTheMap;
			productReference = 1567AD7F1BB08C76002708FE /* OnTheMap.app */;
			productType = "com.apple.product-type.application";
		};
		1567AD931BB08C76002708FE /* OnTheMapTests */ = {
			isa = PBXNativeTarget;
			buildConfigurationList = 1567ADA11BB08C76002708FE /* Build configuration list for PBXNativeTarget "OnTheMapTests" */;
			buildPhases = (
				1567AD901BB08C76002708FE /* Sources */,
				1567AD911BB08C76002708FE /* Frameworks */,
				1567AD921BB08C76002708FE /* Resources */,
			);
			buildRules = (
			);
			dependencies = (
				1567AD961BB08C76002708FE /* PBXTargetDependency */,
			);
			name = OnTheMapTests;
			productName = OnTheMapTests;
			productReference = 1567AD941BB08C76002708FE /* OnTheMapTests.xctest */;
			productType = "com.apple.product-type.bundle.unit-test";
		};
/* End PBXNativeTarget section */

/* Begin PBXProject section */
		1567AD771BB08C76002708FE /* Project object */ = {
			isa = PBXProject;
			attributes = {
				LastSwiftMigration = 0700;
				LastSwiftUpdateCheck = 0700;
				LastUpgradeCheck = 0700;
				ORGANIZATIONNAME = "Anya Gerasimchuk";
				TargetAttributes = {
					1567AD7E1BB08C76002708FE = {
						CreatedOnToolsVersion = 6.4;
						SystemCapabilities = {
							com.apple.Maps.iOS = {
								enabled = 1;
							};
						};
					};
					1567AD931BB08C76002708FE = {
						CreatedOnToolsVersion = 6.4;
						TestTargetID = 1567AD7E1BB08C76002708FE;
					};
				};
			};
			buildConfigurationList = 1567AD7A1BB08C76002708FE /* Build configuration list for PBXProject "OnTheMap" */;
			compatibilityVersion = "Xcode 3.2";
			developmentRegion = English;
			hasScannedForEncodings = 0;
			knownRegions = (
				en,
				Base,
			);
			mainGroup = 1567AD761BB08C76002708FE;
			productRefGroup = 1567AD801BB08C76002708FE /* Products */;
			projectDirPath = "";
			projectRoot = "";
			targets = (
				1567AD7E1BB08C76002708FE /* OnTheMap */,
				1567AD931BB08C76002708FE /* OnTheMapTests */,
			);
		};
/* End PBXProject section */

/* Begin PBXResourcesBuildPhase section */
		1567AD7D1BB08C76002708FE /* Resources */ = {
			isa = PBXResourcesBuildPhase;
			buildActionMask = 2147483647;
			files = (
				1567AD8A1BB08C76002708FE /* Main.storyboard in Resources */,
				1567AD8F1BB08C76002708FE /* LaunchScreen.xib in Resources */,
				1567AD8C1BB08C76002708FE /* Images.xcassets in Resources */,
			);
			runOnlyForDeploymentPostprocessing = 0;
		};
		1567AD921BB08C76002708FE /* Resources */ = {
			isa = PBXResourcesBuildPhase;
			buildActionMask = 2147483647;
			files = (
			);
			runOnlyForDeploymentPostprocessing = 0;
		};
/* End PBXResourcesBuildPhase section */

/* Begin PBXSourcesBuildPhase section */
		1567AD7B1BB08C76002708FE /* Sources */ = {
			isa = PBXSourcesBuildPhase;
			buildActionMask = 2147483647;
			files = (
				1567AD871BB08C76002708FE /* loginViewController.swift in Sources */,
				1540B8091BB4490E0092B534 /* OTMClient.swift in Sources */,
				1597FC541BBAD9FC00838F64 /* mainMapView.swift in Sources */,
				1567AD851BB08C76002708FE /* AppDelegate.swift in Sources */,
			);
			runOnlyForDeploymentPostprocessing = 0;
		};
		1567AD901BB08C76002708FE /* Sources */ = {
			isa = PBXSourcesBuildPhase;
			buildActionMask = 2147483647;
			files = (
				1567AD9B1BB08C76002708FE /* OnTheMapTests.swift in Sources */,
			);
			runOnlyForDeploymentPostprocessing = 0;
		};
/* End PBXSourcesBuildPhase section */

/* Begin PBXTargetDependency section */
		1567AD961BB08C76002708FE /* PBXTargetDependency */ = {
			isa = PBXTargetDependency;
			target = 1567AD7E1BB08C76002708FE /* OnTheMap */;
			targetProxy = 1567AD951BB08C76002708FE /* PBXContainerItemProxy */;
		};
/* End PBXTargetDependency section */

/* Begin PBXVariantGroup section */
		1567AD881BB08C76002708FE /* Main.storyboard */ = {
			isa = PBXVariantGroup;
			children = (
				1567AD891BB08C76002708FE /* Base */,
			);
			name = Main.storyboard;
			sourceTree = "<group>";
		};
		1567AD8D1BB08C76002708FE /* LaunchScreen.xib */ = {
			isa = PBXVariantGroup;
			children = (
				1567AD8E1BB08C76002708FE /* Base */,
			);
			name = LaunchScreen.xib;
			sourceTree = "<group>";
		};
/* End PBXVariantGroup section */

/* Begin XCBuildConfiguration section */
		1567AD9C1BB08C76002708FE /* Debug */ = {
			isa = XCBuildConfiguration;
			buildSettings = {
				ALWAYS_SEARCH_USER_PATHS = NO;
				CLANG_CXX_LANGUAGE_STANDARD = "gnu++0x";
				CLANG_CXX_LIBRARY = "libc++";
				CLANG_ENABLE_MODULES = YES;
				CLANG_ENABLE_OBJC_ARC = YES;
				CLANG_WARN_BOOL_CONVERSION = YES;
				CLANG_WARN_CONSTANT_CONVERSION = YES;
				CLANG_WARN_DIRECT_OBJC_ISA_USAGE = YES_ERROR;
				CLANG_WARN_EMPTY_BODY = YES;
				CLANG_WARN_ENUM_CONVERSION = YES;
				CLANG_WARN_INT_CONVERSION = YES;
				CLANG_WARN_OBJC_ROOT_CLASS = YES_ERROR;
				CLANG_WARN_UNREACHABLE_CODE = YES;
				CLANG_WARN__DUPLICATE_METHOD_MATCH = YES;
				"CODE_SIGN_IDENTITY[sdk=iphoneos*]" = "iPhone Developer";
				COPY_PHASE_STRIP = NO;
				DEBUG_INFORMATION_FORMAT = "dwarf-with-dsym";
				ENABLE_STRICT_OBJC_MSGSEND = YES;
				ENABLE_TESTABILITY = YES;
				GCC_C_LANGUAGE_STANDARD = gnu99;
				GCC_DYNAMIC_NO_PIC = NO;
				GCC_NO_COMMON_BLOCKS = YES;
				GCC_OPTIMIZATION_LEVEL = 0;
				GCC_PREPROCESSOR_DEFINITIONS = (
					"DEBUG=1",
					"$(inherited)",
				);
				GCC_SYMBOLS_PRIVATE_EXTERN = NO;
				GCC_WARN_64_TO_32_BIT_CONVERSION = YES;
				GCC_WARN_ABOUT_RETURN_TYPE = YES_ERROR;
				GCC_WARN_UNDECLARED_SELECTOR = YES;
				GCC_WARN_UNINITIALIZED_AUTOS = YES_AGGRESSIVE;
				GCC_WARN_UNUSED_FUNCTION = YES;
				GCC_WARN_UNUSED_VARIABLE = YES;
				IPHONEOS_DEPLOYMENT_TARGET = 8.4;
				MTL_ENABLE_DEBUG_INFO = YES;
				ONLY_ACTIVE_ARCH = YES;
				SDKROOT = iphoneos;
				SWIFT_OPTIMIZATION_LEVEL = "-Onone";
			};
			name = Debug;
		};
		1567AD9D1BB08C76002708FE /* Release */ = {
			isa = XCBuildConfiguration;
			buildSettings = {
				ALWAYS_SEARCH_USER_PATHS = NO;
				CLANG_CXX_LANGUAGE_STANDARD = "gnu++0x";
				CLANG_CXX_LIBRARY = "libc++";
				CLANG_ENABLE_MODULES = YES;
				CLANG_ENABLE_OBJC_ARC = YES;
				CLANG_WARN_BOOL_CONVERSION = YES;
				CLANG_WARN_CONSTANT_CONVERSION = YES;
				CLANG_WARN_DIRECT_OBJC_ISA_USAGE = YES_ERROR;
				CLANG_WARN_EMPTY_BODY = YES;
				CLANG_WARN_ENUM_CONVERSION = YES;
				CLANG_WARN_INT_CONVERSION = YES;
				CLANG_WARN_OBJC_ROOT_CLASS = YES_ERROR;
				CLANG_WARN_UNREACHABLE_CODE = YES;
				CLANG_WARN__DUPLICATE_METHOD_MATCH = YES;
				"CODE_SIGN_IDENTITY[sdk=iphoneos*]" = "iPhone Developer";
				COPY_PHASE_STRIP = NO;
				DEBUG_INFORMATION_FORMAT = "dwarf-with-dsym";
				ENABLE_NS_ASSERTIONS = NO;
				ENABLE_STRICT_OBJC_MSGSEND = YES;
				GCC_C_LANGUAGE_STANDARD = gnu99;
				GCC_NO_COMMON_BLOCKS = YES;
				GCC_WARN_64_TO_32_BIT_CONVERSION = YES;
				GCC_WARN_ABOUT_RETURN_TYPE = YES_ERROR;
				GCC_WARN_UNDECLARED_SELECTOR = YES;
				GCC_WARN_UNINITIALIZED_AUTOS = YES_AGGRESSIVE;
				GCC_WARN_UNUSED_FUNCTION = YES;
				GCC_WARN_UNUSED_VARIABLE = YES;
				IPHONEOS_DEPLOYMENT_TARGET = 8.4;
				MTL_ENABLE_DEBUG_INFO = NO;
				SDKROOT = iphoneos;
				VALIDATE_PRODUCT = YES;
			};
			name = Release;
		};
		1567AD9F1BB08C76002708FE /* Debug */ = {
			isa = XCBuildConfiguration;
			buildSettings = {
				ASSETCATALOG_COMPILER_APPICON_NAME = AppIcon;
				FRAMEWORK_SEARCH_PATHS = (
					"$(inherited)",
					"$(PROJECT_DIR)",
				);
				INFOPLIST_FILE = OnTheMap/Info.plist;
				LD_RUNPATH_SEARCH_PATHS = "$(inherited) @executable_path/Frameworks";
				PRODUCT_BUNDLE_IDENTIFIER = "com.ge.$(PRODUCT_NAME:rfc1034identifier)";
				PRODUCT_NAME = "$(TARGET_NAME)";
			};
			name = Debug;
		};
		1567ADA01BB08C76002708FE /* Release */ = {
			isa = XCBuildConfiguration;
			buildSettings = {
				ASSETCATALOG_COMPILER_APPICON_NAME = AppIcon;
				FRAMEWORK_SEARCH_PATHS = (
					"$(inherited)",
					"$(PROJECT_DIR)",
				);
				INFOPLIST_FILE = OnTheMap/Info.plist;
				LD_RUNPATH_SEARCH_PATHS = "$(inherited) @executable_path/Frameworks";
				PRODUCT_BUNDLE_IDENTIFIER = "com.ge.$(PRODUCT_NAME:rfc1034identifier)";
				PRODUCT_NAME = "$(TARGET_NAME)";
			};
			name = Release;
		};
		1567ADA21BB08C76002708FE /* Debug */ = {
			isa = XCBuildConfiguration;
			buildSettings = {
				BUNDLE_LOADER = "$(TEST_HOST)";
				FRAMEWORK_SEARCH_PATHS = (
					"$(SDKROOT)/Developer/Library/Frameworks",
					"$(inherited)",
				);
				GCC_PREPROCESSOR_DEFINITIONS = (
					"DEBUG=1",
					"$(inherited)",
				);
				INFOPLIST_FILE = OnTheMapTests/Info.plist;
				LD_RUNPATH_SEARCH_PATHS = "$(inherited) @executable_path/Frameworks @loader_path/Frameworks";
				PRODUCT_BUNDLE_IDENTIFIER = "com.ge.$(PRODUCT_NAME:rfc1034identifier)";
				PRODUCT_NAME = "$(TARGET_NAME)";
				TEST_HOST = "$(BUILT_PRODUCTS_DIR)/OnTheMap.app/OnTheMap";
			};
			name = Debug;
		};
		1567ADA31BB08C76002708FE /* Release */ = {
			isa = XCBuildConfiguration;
			buildSettings = {
				BUNDLE_LOADER = "$(TEST_HOST)";
				FRAMEWORK_SEARCH_PATHS = (
					"$(SDKROOT)/Developer/Library/Frameworks",
					"$(inherited)",
				);
				INFOPLIST_FILE = OnTheMapTests/Info.plist;
				LD_RUNPATH_SEARCH_PATHS = "$(inherited) @executable_path/Frameworks @loader_path/Frameworks";
				PRODUCT_BUNDLE_IDENTIFIER = "com.ge.$(PRODUCT_NAME:rfc1034identifier)";
				PRODUCT_NAME = "$(TARGET_NAME)";
				TEST_HOST = "$(BUILT_PRODUCTS_DIR)/OnTheMap.app/OnTheMap";
			};
			name = Release;
		};
/* End XCBuildConfiguration section */

/* Begin XCConfigurationList section */
		1567AD7A1BB08C76002708FE /* Build configuration list for PBXProject "OnTheMap" */ = {
			isa = XCConfigurationList;
			buildConfigurations = (
				1567AD9C1BB08C76002708FE /* Debug */,
				1567AD9D1BB08C76002708FE /* Release */,
			);
			defaultConfigurationIsVisible = 0;
			defaultConfigurationName = Release;
		};
		1567AD9E1BB08C76002708FE /* Build configuration list for PBXNativeTarget "OnTheMap" */ = {
			isa = XCConfigurationList;
			buildConfigurations = (
				1567AD9F1BB08C76002708FE /* Debug */,
				1567ADA01BB08C76002708FE /* Release */,
			);
			defaultConfigurationIsVisible = 0;
			defaultConfigurationName = Release;
		};
		1567ADA11BB08C76002708FE /* Build configuration list for PBXNativeTarget "OnTheMapTests" */ = {
			isa = XCConfigurationList;
			buildConfigurations = (
				1567ADA21BB08C76002708FE /* Debug */,
				1567ADA31BB08C76002708FE /* Release */,
			);
			defaultConfigurationIsVisible = 0;
			defaultConfigurationName = Release;
		};
/* End XCConfigurationList section */
	};
	rootObject = 1567AD771BB08C76002708FE /* Project object */;
}
